// !$*UTF8*$!
{
	archiveVersion = 1;
	classes = {
	};
	objectVersion = 50;
	objects = {

/* Begin PBXBuildFile section */
		02C16CDA2675316400B4CEFA /* TodoListApp.swift in Sources */ = {isa = PBXBuildFile; fileRef = 02C16CD92675316400B4CEFA /* TodoListApp.swift */; };
		02C16CDC2675316400B4CEFA /* ListView.swift in Sources */ = {isa = PBXBuildFile; fileRef = 02C16CDB2675316400B4CEFA /* ListView.swift */; };
		02C16CDE2675316500B4CEFA /* Assets.xcassets in Resources */ = {isa = PBXBuildFile; fileRef = 02C16CDD2675316500B4CEFA /* Assets.xcassets */; };
		02C16CE12675316500B4CEFA /* Preview Assets.xcassets in Resources */ = {isa = PBXBuildFile; fileRef = 02C16CE02675316500B4CEFA /* Preview Assets.xcassets */; };
		02C16CEA2675373100B4CEFA /* ListRowView.swift in Sources */ = {isa = PBXBuildFile; fileRef = 02C16CE92675373100B4CEFA /* ListRowView.swift */; };
		02C16CEC2675381400B4CEFA /* AddView.swift in Sources */ = {isa = PBXBuildFile; fileRef = 02C16CEB2675381400B4CEFA /* AddView.swift */; };
		02C16CEF267541CB00B4CEFA /* ItemModel.swift in Sources */ = {isa = PBXBuildFile; fileRef = 02C16CEE267541CB00B4CEFA /* ItemModel.swift */; };
		02C16CF22675F79700B4CEFA /* ListViewModel.swift in Sources */ = {isa = PBXBuildFile; fileRef = 02C16CF12675F79700B4CEFA /* ListViewModel.swift */; };
		02C16CF4267617A000B4CEFA /* NoItemsView.swift in Sources */ = {isa = PBXBuildFile; fileRef = 02C16CF3267617A000B4CEFA /* NoItemsView.swift */; };
		02C16CF62676242D00B4CEFA /* Launch Screen.storyboard in Resources */ = {isa = PBXBuildFile; fileRef = 02C16CF52676242D00B4CEFA /* Launch Screen.storyboard */; };
/* End PBXBuildFile section */

/* Begin PBXFileReference section */
		02C16CD62675316400B4CEFA /* TodoList.app */ = {isa = PBXFileReference; explicitFileType = wrapper.application; includeInIndex = 0; path = TodoList.app; sourceTree = BUILT_PRODUCTS_DIR; };
		02C16CD92675316400B4CEFA /* TodoListApp.swift */ = {isa = PBXFileReference; lastKnownFileType = sourcecode.swift; path = TodoListApp.swift; sourceTree = "<group>"; };
		02C16CDB2675316400B4CEFA /* ListView.swift */ = {isa = PBXFileReference; lastKnownFileType = sourcecode.swift; path = ListView.swift; sourceTree = "<group>"; };
		02C16CDD2675316500B4CEFA /* Assets.xcassets */ = {isa = PBXFileReference; lastKnownFileType = folder.assetcatalog; path = Assets.xcassets; sourceTree = "<group>"; };
		02C16CE02675316500B4CEFA /* Preview Assets.xcassets */ = {isa = PBXFileReference; lastKnownFileType = folder.assetcatalog; path = "Preview Assets.xcassets"; sourceTree = "<group>"; };
		02C16CE22675316500B4CEFA /* Info.plist */ = {isa = PBXFileReference; lastKnownFileType = text.plist.xml; path = Info.plist; sourceTree = "<group>"; };
		02C16CE92675373100B4CEFA /* ListRowView.swift */ = {isa = PBXFileReference; lastKnownFileType = sourcecode.swift; path = ListRowView.swift; sourceTree = "<group>"; };
		02C16CEB2675381400B4CEFA /* AddView.swift */ = {isa = PBXFileReference; lastKnownFileType = sourcecode.swift; path = AddView.swift; sourceTree = "<group>"; };
		02C16CEE267541CB00B4CEFA /* ItemModel.swift */ = {isa = PBXFileReference; lastKnownFileType = sourcecode.swift; path = ItemModel.swift; sourceTree = "<group>"; };
		02C16CF12675F79700B4CEFA /* ListViewModel.swift */ = {isa = PBXFileReference; lastKnownFileType = sourcecode.swift; path = ListViewModel.swift; sourceTree = "<group>"; };
		02C16CF3267617A000B4CEFA /* NoItemsView.swift */ = {isa = PBXFileReference; lastKnownFileType = sourcecode.swift; path = NoItemsView.swift; sourceTree = "<group>"; };
		02C16CF52676242D00B4CEFA /* Launch Screen.storyboard */ = {isa = PBXFileReference; lastKnownFileType = file.storyboard; path = "Launch Screen.storyboard"; sourceTree = "<group>"; };
/* End PBXFileReference section */

/* Begin PBXFrameworksBuildPhase section */
		02C16CD32675316400B4CEFA /* Frameworks */ = {
			isa = PBXFrameworksBuildPhase;
			buildActionMask = 2147483647;
			files = (
			);
			runOnlyForDeploymentPostprocessing = 0;
		};
/* End PBXFrameworksBuildPhase section */

/* Begin PBXGroup section */
		02C16CCD2675316400B4CEFA = {
			isa = PBXGroup;
			children = (
				02C16CD82675316400B4CEFA /* TodoList */,
				02C16CD72675316400B4CEFA /* Products */,
			);
			sourceTree = "<group>";
		};
		02C16CD72675316400B4CEFA /* Products */ = {
			isa = PBXGroup;
			children = (
				02C16CD62675316400B4CEFA /* TodoList.app */,
			);
			name = Products;
			sourceTree = "<group>";
		};
		02C16CD82675316400B4CEFA /* TodoList */ = {
			isa = PBXGroup;
			children = (
				02C16CED26753DF900B4CEFA /* Models */,
				02C16CF02675F78400B4CEFA /* ViewModels */,
				02C16CE82675371B00B4CEFA /* Views */,
				02C16CD92675316400B4CEFA /* TodoListApp.swift */,
				02C16CDD2675316500B4CEFA /* Assets.xcassets */,
				02C16CE22675316500B4CEFA /* Info.plist */,
				02C16CDF2675316500B4CEFA /* Preview Content */,
			);
			path = TodoList;
			sourceTree = "<group>";
		};
		02C16CDF2675316500B4CEFA /* Preview Content */ = {
			isa = PBXGroup;
			children = (
				02C16CE02675316500B4CEFA /* Preview Assets.xcassets */,
			);
			path = "Preview Content";
			sourceTree = "<group>";
		};
		02C16CE82675371B00B4CEFA /* Views */ = {
			isa = PBXGroup;
			children = (
				02C16CDB2675316400B4CEFA /* ListView.swift */,
				02C16CE92675373100B4CEFA /* ListRowView.swift */,
				02C16CEB2675381400B4CEFA /* AddView.swift */,
				02C16CF3267617A000B4CEFA /* NoItemsView.swift */,
				02C16CF52676242D00B4CEFA /* Launch Screen.storyboard */,
			);
			path = Views;
			sourceTree = "<group>";
		};
		02C16CED26753DF900B4CEFA /* Models */ = {
			isa = PBXGroup;
			children = (
				02C16CEE267541CB00B4CEFA /* ItemModel.swift */,
			);
			path = Models;
			sourceTree = "<group>";
		};
		02C16CF02675F78400B4CEFA /* ViewModels */ = {
			isa = PBXGroup;
			children = (
				02C16CF12675F79700B4CEFA /* ListViewModel.swift */,
			);
			path = ViewModels;
			sourceTree = "<group>";
		};
/* End PBXGroup section */

/* Begin PBXNativeTarget section */
		02C16CD52675316400B4CEFA /* TodoList */ = {
			isa = PBXNativeTarget;
			buildConfigurationList = 02C16CE52675316500B4CEFA /* Build configuration list for PBXNativeTarget "TodoList" */;
			buildPhases = (
				02C16CD22675316400B4CEFA /* Sources */,
				02C16CD32675316400B4CEFA /* Frameworks */,
				02C16CD42675316400B4CEFA /* Resources */,
			);
			buildRules = (
			);
			dependencies = (
			);
			name = TodoList;
			productName = TodoList;
			productReference = 02C16CD62675316400B4CEFA /* TodoList.app */;
			productType = "com.apple.product-type.application";
		};
/* End PBXNativeTarget section */

/* Begin PBXProject section */
		02C16CCE2675316400B4CEFA /* Project object */ = {
			isa = PBXProject;
			attributes = {
				LastSwiftUpdateCheck = 1250;
				LastUpgradeCheck = 1250;
				TargetAttributes = {
					02C16CD52675316400B4CEFA = {
						CreatedOnToolsVersion = 12.5;
					};
				};
			};
			buildConfigurationList = 02C16CD12675316400B4CEFA /* Build configuration list for PBXProject "TodoList" */;
			compatibilityVersion = "Xcode 9.3";
			developmentRegion = en;
			hasScannedForEncodings = 0;
			knownRegions = (
				en,
				Base,
			);
			mainGroup = 02C16CCD2675316400B4CEFA;
			productRefGroup = 02C16CD72675316400B4CEFA /* Products */;
			projectDirPath = "";
			projectRoot = "";
			targets = (
				02C16CD52675316400B4CEFA /* TodoList */,
			);
		};
/* End PBXProject section */

/* Begin PBXResourcesBuildPhase section */
		02C16CD42675316400B4CEFA /* Resources */ = {
			isa = PBXResourcesBuildPhase;
			buildActionMask = 2147483647;
			files = (
				02C16CF62676242D00B4CEFA /* Launch Screen.storyboard in Resources */,
				02C16CE12675316500B4CEFA /* Preview Assets.xcassets in Resources */,
				02C16CDE2675316500B4CEFA /* Assets.xcassets in Resources */,
			);
			runOnlyForDeploymentPostprocessing = 0;
		};
/* End PBXResourcesBuildPhase section */

/* Begin PBXSourcesBuildPhase section */
		02C16CD22675316400B4CEFA /* Sources */ = {
			isa = PBXSourcesBuildPhase;
			buildActionMask = 2147483647;
			files = (
				02C16CEF267541CB00B4CEFA /* ItemModel.swift in Sources */,
				02C16CEC2675381400B4CEFA /* AddView.swift in Sources */,
				02C16CF22675F79700B4CEFA /* ListViewModel.swift in Sources */,
				02C16CDC2675316400B4CEFA /* ListView.swift in Sources */,
				02C16CDA2675316400B4CEFA /* TodoListApp.swift in Sources */,
				02C16CF4267617A000B4CEFA /* NoItemsView.swift in Sources */,
				02C16CEA2675373100B4CEFA /* ListRowView.swift in Sources */,
			);
			runOnlyForDeploymentPostprocessing = 0;
		};
/* End PBXSourcesBuildPhase section */

/* Begin XCBuildConfiguration section */
		02C16CE32675316500B4CEFA /* Debug */ = {
			isa = XCBuildConfiguration;
			buildSettings = {
				ALWAYS_SEARCH_USER_PATHS = NO;
				CLANG_ANALYZER_NONNULL = YES;
				CLANG_ANALYZER_NUMBER_OBJECT_CONVERSION = YES_AGGRESSIVE;
				CLANG_CXX_LANGUAGE_STANDARD = "gnu++14";
				CLANG_CXX_LIBRARY = "libc++";
				CLANG_ENABLE_MODULES = YES;
				CLANG_ENABLE_OBJC_ARC = YES;
				CLANG_ENABLE_OBJC_WEAK = YES;
				CLANG_WARN_BLOCK_CAPTURE_AUTORELEASING = YES;
				CLANG_WARN_BOOL_CONVERSION = YES;
				CLANG_WARN_COMMA = YES;
				CLANG_WARN_CONSTANT_CONVERSION = YES;
				CLANG_WARN_DEPRECATED_OBJC_IMPLEMENTATIONS = YES;
				CLANG_WARN_DIRECT_OBJC_ISA_USAGE = YES_ERROR;
				CLANG_WARN_DOCUMENTATION_COMMENTS = YES;
				CLANG_WARN_EMPTY_BODY = YES;
				CLANG_WARN_ENUM_CONVERSION = YES;
				CLANG_WARN_INFINITE_RECURSION = YES;
				CLANG_WARN_INT_CONVERSION = YES;
				CLANG_WARN_NON_LITERAL_NULL_CONVERSION = YES;
				CLANG_WARN_OBJC_IMPLICIT_RETAIN_SELF = YES;
				CLANG_WARN_OBJC_LITERAL_CONVERSION = YES;
				CLANG_WARN_OBJC_ROOT_CLASS = YES_ERROR;
				CLANG_WARN_QUOTED_INCLUDE_IN_FRAMEWORK_HEADER = YES;
				CLANG_WARN_RANGE_LOOP_ANALYSIS = YES;
				CLANG_WARN_STRICT_PROTOTYPES = YES;
				CLANG_WARN_SUSPICIOUS_MOVE = YES;
				CLANG_WARN_UNGUARDED_AVAILABILITY = YES_AGGRESSIVE;
				CLANG_WARN_UNREACHABLE_CODE = YES;
				CLANG_WARN__DUPLICATE_METHOD_MATCH = YES;
				COPY_PHASE_STRIP = NO;
				DEBUG_INFORMATION_FORMAT = dwarf;
				ENABLE_STRICT_OBJC_MSGSEND = YES;
				ENABLE_TESTABILITY = YES;
				GCC_C_LANGUAGE_STANDARD = gnu11;
				GCC_DYNAMIC_NO_PIC = NO;
				GCC_NO_COMMON_BLOCKS = YES;
				GCC_OPTIMIZATION_LEVEL = 0;
				GCC_PREPROCESSOR_DEFINITIONS = (
					"DEBUG=1",
					"$(inherited)",
				);
				GCC_WARN_64_TO_32_BIT_CONVERSION = YES;
				GCC_WARN_ABOUT_RETURN_TYPE = YES_ERROR;
				GCC_WARN_UNDECLARED_SELECTOR = YES;
				GCC_WARN_UNINITIALIZED_AUTOS = YES_AGGRESSIVE;
				GCC_WARN_UNUSED_FUNCTION = YES;
				GCC_WARN_UNUSED_VARIABLE = YES;
				IPHONEOS_DEPLOYMENT_TARGET = 14.5;
				MTL_ENABLE_DEBUG_INFO = INCLUDE_SOURCE;
				MTL_FAST_MATH = YES;
				ONLY_ACTIVE_ARCH = YES;
				SDKROOT = iphoneos;
				SWIFT_ACTIVE_COMPILATION_CONDITIONS = DEBUG;
				SWIFT_OPTIMIZATION_LEVEL = "-Onone";
			};
			name = Debug;
		};
		02C16CE42675316500B4CEFA /* Release */ = {
			isa = XCBuildConfiguration;
			buildSettings = {
				ALWAYS_SEARCH_USER_PATHS = NO;
				CLANG_ANALYZER_NONNULL = YES;
				CLANG_ANALYZER_NUMBER_OBJECT_CONVERSION = YES_AGGRESSIVE;
				CLANG_CXX_LANGUAGE_STANDARD = "gnu++14";
				CLANG_CXX_LIBRARY = "libc++";
				CLANG_ENABLE_MODULES = YES;
				CLANG_ENABLE_OBJC_ARC = YES;
				CLANG_ENABLE_OBJC_WEAK = YES;
				CLANG_WARN_BLOCK_CAPTURE_AUTORELEASING = YES;
				CLANG_WARN_BOOL_CONVERSION = YES;
				CLANG_WARN_COMMA = YES;
				CLANG_WARN_CONSTANT_CONVERSION = YES;
				CLANG_WARN_DEPRECATED_OBJC_IMPLEMENTATIONS = YES;
				CLANG_WARN_DIRECT_OBJC_ISA_USAGE = YES_ERROR;
				CLANG_WARN_DOCUMENTATION_COMMENTS = YES;
				CLANG_WARN_EMPTY_BODY = YES;
				CLANG_WARN_ENUM_CONVERSION = YES;
				CLANG_WARN_INFINITE_RECURSION = YES;
				CLANG_WARN_INT_CONVERSION = YES;
				CLANG_WARN_NON_LITERAL_NULL_CONVERSION = YES;
				CLANG_WARN_OBJC_IMPLICIT_RETAIN_SELF = YES;
				CLANG_WARN_OBJC_LITERAL_CONVERSION = YES;
				CLANG_WARN_OBJC_ROOT_CLASS = YES_ERROR;
				CLANG_WARN_QUOTED_INCLUDE_IN_FRAMEWORK_HEADER = YES;
				CLANG_WARN_RANGE_LOOP_ANALYSIS = YES;
				CLANG_WARN_STRICT_PROTOTYPES = YES;
				CLANG_WARN_SUSPICIOUS_MOVE = YES;
				CLANG_WARN_UNGUARDED_AVAILABILITY = YES_AGGRESSIVE;
				CLANG_WARN_UNREACHABLE_CODE = YES;
				CLANG_WARN__DUPLICATE_METHOD_MATCH = YES;
				COPY_PHASE_STRIP = NO;
				DEBUG_INFORMATION_FORMAT = "dwarf-with-dsym";
				ENABLE_NS_ASSERTIONS = NO;
				ENABLE_STRICT_OBJC_MSGSEND = YES;
				GCC_C_LANGUAGE_STANDARD = gnu11;
				GCC_NO_COMMON_BLOCKS = YES;
				GCC_WARN_64_TO_32_BIT_CONVERSION = YES;
				GCC_WARN_ABOUT_RETURN_TYPE = YES_ERROR;
				GCC_WARN_UNDECLARED_SELECTOR = YES;
				GCC_WARN_UNINITIALIZED_AUTOS = YES_AGGRESSIVE;
				GCC_WARN_UNUSED_FUNCTION = YES;
				GCC_WARN_UNUSED_VARIABLE = YES;
				IPHONEOS_DEPLOYMENT_TARGET = 14.5;
				MTL_ENABLE_DEBUG_INFO = NO;
				MTL_FAST_MATH = YES;
				SDKROOT = iphoneos;
				SWIFT_COMPILATION_MODE = wholemodule;
				SWIFT_OPTIMIZATION_LEVEL = "-O";
				VALIDATE_PRODUCT = YES;
			};
			name = Release;
		};
		02C16CE62675316500B4CEFA /* Debug */ = {
			isa = XCBuildConfiguration;
			buildSettings = {
				ASSETCATALOG_COMPILER_APPICON_NAME = AppIcon;
				ASSETCATALOG_COMPILER_GLOBAL_ACCENT_COLOR_NAME = AccentColor;
				CODE_SIGN_STYLE = Automatic;
				DEVELOPMENT_ASSET_PATHS = "\"TodoList/Preview Content\"";
				DEVELOPMENT_TEAM = SAY4Y2DWXX;
				ENABLE_PREVIEWS = YES;
				INFOPLIST_FILE = TodoList/Info.plist;
				IPHONEOS_DEPLOYMENT_TARGET = 14.0;
				LD_RUNPATH_SEARCH_PATHS = (
					"$(inherited)",
					"@executable_path/Frameworks",
				);
				PRODUCT_BUNDLE_IDENTIFIER = Eldar.Tengizov.TodoList;
				PRODUCT_NAME = "$(TARGET_NAME)";
				SWIFT_VERSION = 5.0;
				TARGETED_DEVICE_FAMILY = "1,2";
			};
			name = Debug;
		};
		02C16CE72675316500B4CEFA /* Release */ = {
			isa = XCBuildConfiguration;
			buildSettings = {
				ASSETCATALOG_COMPILER_APPICON_NAME = AppIcon;
				ASSETCATALOG_COMPILER_GLOBAL_ACCENT_COLOR_NAME = AccentColor;
				CODE_SIGN_STYLE = Automatic;
				DEVELOPMENT_ASSET_PATHS = "\"TodoList/Preview Content\"";
				DEVELOPMENT_TEAM = SAY4Y2DWXX;
				ENABLE_PREVIEWS = YES;
				INFOPLIST_FILE = TodoList/Info.plist;
				IPHONEOS_DEPLOYMENT_TARGET = 14.0;
				LD_RUNPATH_SEARCH_PATHS = (
					"$(inherited)",
					"@executable_path/Frameworks",
				);
				PRODUCT_BUNDLE_IDENTIFIER = Eldar.Tengizov.TodoList;
				PRODUCT_NAME = "$(TARGET_NAME)";
				SWIFT_VERSION = 5.0;
				TARGETED_DEVICE_FAMILY = "1,2";
			};
			name = Release;
		};
/* End XCBuildConfiguration section */

/* Begin XCConfigurationList section */
		02C16CD12675316400B4CEFA /* Build configuration list for PBXProject "TodoList" */ = {
			isa = XCConfigurationList;
			buildConfigurations = (
				02C16CE32675316500B4CEFA /* Debug */,
				02C16CE42675316500B4CEFA /* Release */,
			);
			defaultConfigurationIsVisible = 0;
			defaultConfigurationName = Release;
		};
		02C16CE52675316500B4CEFA /* Build configuration list for PBXNativeTarget "TodoList" */ = {
			isa = XCConfigurationList;
			buildConfigurations = (
				02C16CE62675316500B4CEFA /* Debug */,
				02C16CE72675316500B4CEFA /* Release */,
			);
			defaultConfigurationIsVisible = 0;
			defaultConfigurationName = Release;
		};
/* End XCConfigurationList section */
	};
	rootObject = 02C16CCE2675316400B4CEFA /* Project object */;
}
